// !$*UTF8*$!
{
	archiveVersion = 1;
	classes = {
	};
	objectVersion = 46;
	objects = {

/* Begin PBXBuildFile section */
		A03C8AF5A25427DFA0FC4C7C /* libPods-PatternMaker.a in Frameworks */ = {isa = PBXBuildFile; fileRef = 3988AC41F7CF5434CC22BD50 /* libPods-PatternMaker.a */; };
		E949D22B1BAC0DE900DDE189 /* APPMPacket.m in Sources */ = {isa = PBXBuildFile; fileRef = E949D22A1BAC0DE900DDE189 /* APPMPacket.m */; };
		E949D2301BAC10E400DDE189 /* APPMPixel.m in Sources */ = {isa = PBXBuildFile; fileRef = E949D22F1BAC10E400DDE189 /* APPMPixel.m */; };
		E949D26F1BAC177D00DDE189 /* APPMPatternCollectionViewController.m in Sources */ = {isa = PBXBuildFile; fileRef = E949D26E1BAC177D00DDE189 /* APPMPatternCollectionViewController.m */; };
		E949D2741BAC17A700DDE189 /* APPMPatternCollectionCell.m in Sources */ = {isa = PBXBuildFile; fileRef = E949D2721BAC17A700DDE189 /* APPMPatternCollectionCell.m */; };
		E949D2751BAC17A700DDE189 /* APPMPatternCollectionCell.xib in Resources */ = {isa = PBXBuildFile; fileRef = E949D2731BAC17A700DDE189 /* APPMPatternCollectionCell.xib */; };
		E960A1A81BB2C05000F65980 /* APPMProgressPatternViewController.m in Sources */ = {isa = PBXBuildFile; fileRef = E960A1A71BB2C05000F65980 /* APPMProgressPatternViewController.m */; };
		E96D33D21BC0CF84008504ED /* APPMWeatherPatternViewController.m in Sources */ = {isa = PBXBuildFile; fileRef = E96D33D11BC0CF84008504ED /* APPMWeatherPatternViewController.m */; settings = {ASSET_TAGS = (); }; };
		E99E73381B8785CF00E92F21 /* main.m in Sources */ = {isa = PBXBuildFile; fileRef = E99E73371B8785CF00E92F21 /* main.m */; };
		E99E733B1B8785CF00E92F21 /* AppDelegate.m in Sources */ = {isa = PBXBuildFile; fileRef = E99E733A1B8785CF00E92F21 /* AppDelegate.m */; };
		E99E73411B8785CF00E92F21 /* Main.storyboard in Resources */ = {isa = PBXBuildFile; fileRef = E99E733F1B8785CF00E92F21 /* Main.storyboard */; };
		E99E73431B8785CF00E92F21 /* Images.xcassets in Resources */ = {isa = PBXBuildFile; fileRef = E99E73421B8785CF00E92F21 /* Images.xcassets */; };
		E99E73461B8785CF00E92F21 /* LaunchScreen.xib in Resources */ = {isa = PBXBuildFile; fileRef = E99E73441B8785CF00E92F21 /* LaunchScreen.xib */; };
		E99E73521B8785CF00E92F21 /* PatternMakerTests.m in Sources */ = {isa = PBXBuildFile; fileRef = E99E73511B8785CF00E92F21 /* PatternMakerTests.m */; };
		E9B057791BB2B52B00476249 /* APPMSettingViewController.m in Sources */ = {isa = PBXBuildFile; fileRef = E9B057781BB2B52B00476249 /* APPMSettingViewController.m */; };
		E9C849BE1BAF1B6A00366674 /* APPMHousingAPIGateway.m in Sources */ = {isa = PBXBuildFile; fileRef = E9C849B81BAF1B6A00366674 /* APPMHousingAPIGateway.m */; };
		E9C849C01BAF1B6A00366674 /* libHousingApi.a in Frameworks */ = {isa = PBXBuildFile; fileRef = E9C849BD1BAF1B6A00366674 /* libHousingApi.a */; };
		E9DAE3F71BD20BB8001A3573 /* current.txt in Resources */ = {isa = PBXBuildFile; fileRef = E9DAE3F41BD20BB8001A3573 /* current.txt */; settings = {ASSET_TAGS = (); }; };
		E9DAE3F81BD20BB8001A3573 /* current.xml in Resources */ = {isa = PBXBuildFile; fileRef = E9DAE3F61BD20BB8001A3573 /* current.xml */; settings = {ASSET_TAGS = (); }; };
		E9DAE3FB1BD21218001A3573 /* current_down.txt in Resources */ = {isa = PBXBuildFile; fileRef = E9DAE3FA1BD21218001A3573 /* current_down.txt */; settings = {ASSET_TAGS = (); }; };
		E9DAE3FF1BD21548001A3573 /* APPMTerminalViewController.m in Sources */ = {isa = PBXBuildFile; fileRef = E9DAE3FE1BD21548001A3573 /* APPMTerminalViewController.m */; settings = {ASSET_TAGS = (); }; };
		E9DC798B1BD5991300C1E428 /* APPMCollectDataAvgViewController.m in Sources */ = {isa = PBXBuildFile; fileRef = E9DC798A1BD5991300C1E428 /* APPMCollectDataAvgViewController.m */; settings = {ASSET_TAGS = (); }; };
/* End PBXBuildFile section */

/* Begin PBXContainerItemProxy section */
		E99E734C1B8785CF00E92F21 /* PBXContainerItemProxy */ = {
			isa = PBXContainerItemProxy;
			containerPortal = E99E732A1B8785CF00E92F21 /* Project object */;
			proxyType = 1;
			remoteGlobalIDString = E99E73311B8785CF00E92F21;
			remoteInfo = PatternMaker;
		};
/* End PBXContainerItemProxy section */

/* Begin PBXFileReference section */
		0BEE3BB05493C5EDD31EB9CF /* Pods-PatternMaker.debug.xcconfig */ = {isa = PBXFileReference; includeInIndex = 1; lastKnownFileType = text.xcconfig; name = "Pods-PatternMaker.debug.xcconfig"; path = "Pods/Target Support Files/Pods-PatternMaker/Pods-PatternMaker.debug.xcconfig"; sourceTree = "<group>"; };
		3988AC41F7CF5434CC22BD50 /* libPods-PatternMaker.a */ = {isa = PBXFileReference; explicitFileType = archive.ar; includeInIndex = 0; path = "libPods-PatternMaker.a"; sourceTree = BUILT_PRODUCTS_DIR; };
		D3B8A3466FCD7BBF2F66BA1A /* Pods-PatternMaker.release.xcconfig */ = {isa = PBXFileReference; includeInIndex = 1; lastKnownFileType = text.xcconfig; name = "Pods-PatternMaker.release.xcconfig"; path = "Pods/Target Support Files/Pods-PatternMaker/Pods-PatternMaker.release.xcconfig"; sourceTree = "<group>"; };
		E949D2291BAC0DE900DDE189 /* APPMPacket.h */ = {isa = PBXFileReference; fileEncoding = 4; lastKnownFileType = sourcecode.c.h; path = APPMPacket.h; sourceTree = "<group>"; };
		E949D22A1BAC0DE900DDE189 /* APPMPacket.m */ = {isa = PBXFileReference; fileEncoding = 4; lastKnownFileType = sourcecode.c.objc; path = APPMPacket.m; sourceTree = "<group>"; };
		E949D22E1BAC10E400DDE189 /* APPMPixel.h */ = {isa = PBXFileReference; fileEncoding = 4; lastKnownFileType = sourcecode.c.h; path = APPMPixel.h; sourceTree = "<group>"; };
		E949D22F1BAC10E400DDE189 /* APPMPixel.m */ = {isa = PBXFileReference; fileEncoding = 4; lastKnownFileType = sourcecode.c.objc; path = APPMPixel.m; sourceTree = "<group>"; };
		E949D26D1BAC177D00DDE189 /* APPMPatternCollectionViewController.h */ = {isa = PBXFileReference; fileEncoding = 4; lastKnownFileType = sourcecode.c.h; path = APPMPatternCollectionViewController.h; sourceTree = "<group>"; };
		E949D26E1BAC177D00DDE189 /* APPMPatternCollectionViewController.m */ = {isa = PBXFileReference; fileEncoding = 4; lastKnownFileType = sourcecode.c.objc; path = APPMPatternCollectionViewController.m; sourceTree = "<group>"; };
		E949D2711BAC17A700DDE189 /* APPMPatternCollectionCell.h */ = {isa = PBXFileReference; fileEncoding = 4; lastKnownFileType = sourcecode.c.h; path = APPMPatternCollectionCell.h; sourceTree = "<group>"; };
		E949D2721BAC17A700DDE189 /* APPMPatternCollectionCell.m */ = {isa = PBXFileReference; fileEncoding = 4; lastKnownFileType = sourcecode.c.objc; path = APPMPatternCollectionCell.m; sourceTree = "<group>"; };
		E949D2731BAC17A700DDE189 /* APPMPatternCollectionCell.xib */ = {isa = PBXFileReference; fileEncoding = 4; lastKnownFileType = file.xib; path = APPMPatternCollectionCell.xib; sourceTree = "<group>"; };
		E960A1A61BB2C05000F65980 /* APPMProgressPatternViewController.h */ = {isa = PBXFileReference; fileEncoding = 4; lastKnownFileType = sourcecode.c.h; path = APPMProgressPatternViewController.h; sourceTree = "<group>"; };
		E960A1A71BB2C05000F65980 /* APPMProgressPatternViewController.m */ = {isa = PBXFileReference; fileEncoding = 4; lastKnownFileType = sourcecode.c.objc; path = APPMProgressPatternViewController.m; sourceTree = "<group>"; };
		E96D33D01BC0CF84008504ED /* APPMWeatherPatternViewController.h */ = {isa = PBXFileReference; fileEncoding = 4; lastKnownFileType = sourcecode.c.h; path = APPMWeatherPatternViewController.h; sourceTree = "<group>"; };
		E96D33D11BC0CF84008504ED /* APPMWeatherPatternViewController.m */ = {isa = PBXFileReference; fileEncoding = 4; lastKnownFileType = sourcecode.c.objc; path = APPMWeatherPatternViewController.m; sourceTree = "<group>"; };
		E99E73321B8785CF00E92F21 /* PatternMaker.app */ = {isa = PBXFileReference; explicitFileType = wrapper.application; includeInIndex = 0; path = PatternMaker.app; sourceTree = BUILT_PRODUCTS_DIR; };
		E99E73361B8785CF00E92F21 /* Info.plist */ = {isa = PBXFileReference; lastKnownFileType = text.plist.xml; path = Info.plist; sourceTree = "<group>"; };
		E99E73371B8785CF00E92F21 /* main.m */ = {isa = PBXFileReference; lastKnownFileType = sourcecode.c.objc; path = main.m; sourceTree = "<group>"; };
		E99E73391B8785CF00E92F21 /* AppDelegate.h */ = {isa = PBXFileReference; lastKnownFileType = sourcecode.c.h; path = AppDelegate.h; sourceTree = "<group>"; };
		E99E733A1B8785CF00E92F21 /* AppDelegate.m */ = {isa = PBXFileReference; lastKnownFileType = sourcecode.c.objc; path = AppDelegate.m; sourceTree = "<group>"; };
		E99E73401B8785CF00E92F21 /* Base */ = {isa = PBXFileReference; lastKnownFileType = file.storyboard; name = Base; path = Base.lproj/Main.storyboard; sourceTree = "<group>"; };
		E99E73421B8785CF00E92F21 /* Images.xcassets */ = {isa = PBXFileReference; lastKnownFileType = folder.assetcatalog; path = Images.xcassets; sourceTree = "<group>"; };
		E99E73451B8785CF00E92F21 /* Base */ = {isa = PBXFileReference; lastKnownFileType = file.xib; name = Base; path = Base.lproj/LaunchScreen.xib; sourceTree = "<group>"; };
		E99E734B1B8785CF00E92F21 /* PatternMakerTests.xctest */ = {isa = PBXFileReference; explicitFileType = wrapper.cfbundle; includeInIndex = 0; path = PatternMakerTests.xctest; sourceTree = BUILT_PRODUCTS_DIR; };
		E99E73501B8785CF00E92F21 /* Info.plist */ = {isa = PBXFileReference; lastKnownFileType = text.plist.xml; path = Info.plist; sourceTree = "<group>"; };
		E99E73511B8785CF00E92F21 /* PatternMakerTests.m */ = {isa = PBXFileReference; lastKnownFileType = sourcecode.c.objc; path = PatternMakerTests.m; sourceTree = "<group>"; };
		E9B057771BB2B52B00476249 /* APPMSettingViewController.h */ = {isa = PBXFileReference; fileEncoding = 4; lastKnownFileType = sourcecode.c.h; path = APPMSettingViewController.h; sourceTree = "<group>"; };
		E9B057781BB2B52B00476249 /* APPMSettingViewController.m */ = {isa = PBXFileReference; fileEncoding = 4; lastKnownFileType = sourcecode.c.objc; path = APPMSettingViewController.m; sourceTree = "<group>"; };
		E9B0577A1BB2B68B00476249 /* Constant.h */ = {isa = PBXFileReference; lastKnownFileType = sourcecode.c.h; path = Constant.h; sourceTree = "<group>"; };
		E9C849B71BAF1B6A00366674 /* APPMHousingAPIGateway.h */ = {isa = PBXFileReference; fileEncoding = 4; lastKnownFileType = sourcecode.c.h; path = APPMHousingAPIGateway.h; sourceTree = "<group>"; };
		E9C849B81BAF1B6A00366674 /* APPMHousingAPIGateway.m */ = {isa = PBXFileReference; fileEncoding = 4; lastKnownFileType = sourcecode.c.objc; path = APPMHousingAPIGateway.m; sourceTree = "<group>"; };
		E9C849BA1BAF1B6A00366674 /* HousingApi.h */ = {isa = PBXFileReference; fileEncoding = 4; lastKnownFileType = sourcecode.c.h; path = HousingApi.h; sourceTree = "<group>"; };
		E9C849BB1BAF1B6A00366674 /* HousingApiConstant.h */ = {isa = PBXFileReference; fileEncoding = 4; lastKnownFileType = sourcecode.c.h; path = HousingApiConstant.h; sourceTree = "<group>"; };
		E9C849BD1BAF1B6A00366674 /* libHousingApi.a */ = {isa = PBXFileReference; lastKnownFileType = archive.ar; path = libHousingApi.a; sourceTree = "<group>"; };
		E9DAE3F41BD20BB8001A3573 /* current.txt */ = {isa = PBXFileReference; fileEncoding = 4; lastKnownFileType = text; path = current.txt; sourceTree = "<group>"; };
		E9DAE3F61BD20BB8001A3573 /* current.xml */ = {isa = PBXFileReference; fileEncoding = 4; lastKnownFileType = text.xml; path = current.xml; sourceTree = "<group>"; };
		E9DAE3FA1BD21218001A3573 /* current_down.txt */ = {isa = PBXFileReference; fileEncoding = 4; lastKnownFileType = text; path = current_down.txt; sourceTree = "<group>"; };
		E9DAE3FD1BD21548001A3573 /* APPMTerminalViewController.h */ = {isa = PBXFileReference; fileEncoding = 4; lastKnownFileType = sourcecode.c.h; path = APPMTerminalViewController.h; sourceTree = "<group>"; };
		E9DAE3FE1BD21548001A3573 /* APPMTerminalViewController.m */ = {isa = PBXFileReference; fileEncoding = 4; lastKnownFileType = sourcecode.c.objc; path = APPMTerminalViewController.m; sourceTree = "<group>"; };
		E9DC79891BD5991300C1E428 /* APPMCollectDataAvgViewController.h */ = {isa = PBXFileReference; fileEncoding = 4; lastKnownFileType = sourcecode.c.h; path = APPMCollectDataAvgViewController.h; sourceTree = "<group>"; };
		E9DC798A1BD5991300C1E428 /* APPMCollectDataAvgViewController.m */ = {isa = PBXFileReference; fileEncoding = 4; lastKnownFileType = sourcecode.c.objc; path = APPMCollectDataAvgViewController.m; sourceTree = "<group>"; };
/* End PBXFileReference section */

/* Begin PBXFrameworksBuildPhase section */
		E99E732F1B8785CF00E92F21 /* Frameworks */ = {
			isa = PBXFrameworksBuildPhase;
			buildActionMask = 2147483647;
			files = (
				E9C849C01BAF1B6A00366674 /* libHousingApi.a in Frameworks */,
				A03C8AF5A25427DFA0FC4C7C /* libPods-PatternMaker.a in Frameworks */,
			);
			runOnlyForDeploymentPostprocessing = 0;
		};
		E99E73481B8785CF00E92F21 /* Frameworks */ = {
			isa = PBXFrameworksBuildPhase;
			buildActionMask = 2147483647;
			files = (
			);
			runOnlyForDeploymentPostprocessing = 0;
		};
/* End PBXFrameworksBuildPhase section */

/* Begin PBXGroup section */
		82CB1B6841ABDEF27BC3217E /* Pods */ = {
			isa = PBXGroup;
			children = (
				0BEE3BB05493C5EDD31EB9CF /* Pods-PatternMaker.debug.xcconfig */,
				D3B8A3466FCD7BBF2F66BA1A /* Pods-PatternMaker.release.xcconfig */,
			);
			name = Pods;
			sourceTree = "<group>";
		};
		AAD8437347517DFB1286890E /* Frameworks */ = {
			isa = PBXGroup;
			children = (
				3988AC41F7CF5434CC22BD50 /* libPods-PatternMaker.a */,
			);
			name = Frameworks;
			sourceTree = "<group>";
		};
		E949D2281BAC0DDA00DDE189 /* Packet */ = {
			isa = PBXGroup;
			children = (
				E949D2291BAC0DE900DDE189 /* APPMPacket.h */,
				E949D22A1BAC0DE900DDE189 /* APPMPacket.m */,
			);
			path = Packet;
			sourceTree = "<group>";
		};
		E949D22D1BAC10DF00DDE189 /* APPMPixel */ = {
			isa = PBXGroup;
			children = (
				E949D22E1BAC10E400DDE189 /* APPMPixel.h */,
				E949D22F1BAC10E400DDE189 /* APPMPixel.m */,
			);
			path = APPMPixel;
			sourceTree = "<group>";
		};
		E949D26C1BAC177200DDE189 /* PatternCollectionViewController */ = {
			isa = PBXGroup;
			children = (
				E949D2701BAC178900DDE189 /* Cell */,
				E949D26D1BAC177D00DDE189 /* APPMPatternCollectionViewController.h */,
				E949D26E1BAC177D00DDE189 /* APPMPatternCollectionViewController.m */,
			);
			path = PatternCollectionViewController;
			sourceTree = "<group>";
		};
		E949D2701BAC178900DDE189 /* Cell */ = {
			isa = PBXGroup;
			children = (
				E949D2711BAC17A700DDE189 /* APPMPatternCollectionCell.h */,
				E949D2721BAC17A700DDE189 /* APPMPatternCollectionCell.m */,
				E949D2731BAC17A700DDE189 /* APPMPatternCollectionCell.xib */,
			);
			path = Cell;
			sourceTree = "<group>";
		};
		E960A1A51BB2C05000F65980 /* ProgressPatternViewController */ = {
			isa = PBXGroup;
			children = (
				E960A1A61BB2C05000F65980 /* APPMProgressPatternViewController.h */,
				E960A1A71BB2C05000F65980 /* APPMProgressPatternViewController.m */,
			);
			path = ProgressPatternViewController;
			sourceTree = "<group>";
		};
		E96D33CF1BC0CF6C008504ED /* WeatherPatternViewController */ = {
			isa = PBXGroup;
			children = (
				E96D33D01BC0CF84008504ED /* APPMWeatherPatternViewController.h */,
				E96D33D11BC0CF84008504ED /* APPMWeatherPatternViewController.m */,
			);
			path = WeatherPatternViewController;
			sourceTree = "<group>";
		};
		E99E73291B8785CF00E92F21 = {
			isa = PBXGroup;
			children = (
				E99E73341B8785CF00E92F21 /* PatternMaker */,
				E99E734E1B8785CF00E92F21 /* PatternMakerTests */,
				E99E73331B8785CF00E92F21 /* Products */,
				82CB1B6841ABDEF27BC3217E /* Pods */,
				AAD8437347517DFB1286890E /* Frameworks */,
			);
			sourceTree = "<group>";
		};
		E99E73331B8785CF00E92F21 /* Products */ = {
			isa = PBXGroup;
			children = (
				E99E73321B8785CF00E92F21 /* PatternMaker.app */,
				E99E734B1B8785CF00E92F21 /* PatternMakerTests.xctest */,
			);
			name = Products;
			sourceTree = "<group>";
		};
		E99E73341B8785CF00E92F21 /* PatternMaker */ = {
			isa = PBXGroup;
			children = (
				E9B0577A1BB2B68B00476249 /* Constant.h */,
				E99E73391B8785CF00E92F21 /* AppDelegate.h */,
				E99E733A1B8785CF00E92F21 /* AppDelegate.m */,
				E9E4D0B51BAA00F2006C96A1 /* Class */,
				E9E4D0B81BAA00F2006C96A1 /* Library */,
				E9E4D0B91BAA00F2006C96A1 /* Resource */,
				E99E733F1B8785CF00E92F21 /* Main.storyboard */,
				E99E73421B8785CF00E92F21 /* Images.xcassets */,
				E99E73441B8785CF00E92F21 /* LaunchScreen.xib */,
				E99E73351B8785CF00E92F21 /* Supporting Files */,
			);
			path = PatternMaker;
			sourceTree = "<group>";
		};
		E99E73351B8785CF00E92F21 /* Supporting Files */ = {
			isa = PBXGroup;
			children = (
				E99E73361B8785CF00E92F21 /* Info.plist */,
				E99E73371B8785CF00E92F21 /* main.m */,
			);
			name = "Supporting Files";
			sourceTree = "<group>";
		};
		E99E734E1B8785CF00E92F21 /* PatternMakerTests */ = {
			isa = PBXGroup;
			children = (
				E99E73511B8785CF00E92F21 /* PatternMakerTests.m */,
				E99E734F1B8785CF00E92F21 /* Supporting Files */,
			);
			path = PatternMakerTests;
			sourceTree = "<group>";
		};
		E99E734F1B8785CF00E92F21 /* Supporting Files */ = {
			isa = PBXGroup;
			children = (
				E99E73501B8785CF00E92F21 /* Info.plist */,
			);
			name = "Supporting Files";
			sourceTree = "<group>";
		};
		E9B057761BB2B51900476249 /* SettingViewController */ = {
			isa = PBXGroup;
			children = (
				E9B057771BB2B52B00476249 /* APPMSettingViewController.h */,
				E9B057781BB2B52B00476249 /* APPMSettingViewController.m */,
			);
			path = SettingViewController;
			sourceTree = "<group>";
		};
		E9C849B61BAF1B6A00366674 /* APPMHousingAPIGateway */ = {
			isa = PBXGroup;
			children = (
				E9C849B71BAF1B6A00366674 /* APPMHousingAPIGateway.h */,
				E9C849B81BAF1B6A00366674 /* APPMHousingAPIGateway.m */,
			);
			path = APPMHousingAPIGateway;
			sourceTree = "<group>";
		};
		E9C849B91BAF1B6A00366674 /* HousingApiLibrary */ = {
			isa = PBXGroup;
			children = (
				E9C849BA1BAF1B6A00366674 /* HousingApi.h */,
				E9C849BB1BAF1B6A00366674 /* HousingApiConstant.h */,
				E9C849BD1BAF1B6A00366674 /* libHousingApi.a */,
			);
			path = HousingApiLibrary;
			sourceTree = "<group>";
		};
		E9DAE3F11BD20BB8001A3573 /* API */ = {
			isa = PBXGroup;
			children = (
				E9DAE3F21BD20BB8001A3573 /* CollectDataAvg */,
			);
			path = API;
			sourceTree = "<group>";
		};
		E9DAE3F21BD20BB8001A3573 /* CollectDataAvg */ = {
			isa = PBXGroup;
			children = (
				E9DAE3F31BD20BB8001A3573 /* json */,
				E9DAE3F51BD20BB8001A3573 /* xml */,
			);
			path = CollectDataAvg;
			sourceTree = "<group>";
		};
		E9DAE3F31BD20BB8001A3573 /* json */ = {
			isa = PBXGroup;
			children = (
				E9DAE3FA1BD21218001A3573 /* current_down.txt */,
				E9DAE3F41BD20BB8001A3573 /* current.txt */,
			);
			path = json;
			sourceTree = "<group>";
		};
		E9DAE3F51BD20BB8001A3573 /* xml */ = {
			isa = PBXGroup;
			children = (
				E9DAE3F61BD20BB8001A3573 /* current.xml */,
			);
			path = xml;
			sourceTree = "<group>";
		};
		E9DAE3F91BD20F74001A3573 /* CollectDataAvgViewController */ = {
			isa = PBXGroup;
			children = (
				E9DC79891BD5991300C1E428 /* APPMCollectDataAvgViewController.h */,
				E9DC798A1BD5991300C1E428 /* APPMCollectDataAvgViewController.m */,
			);
			path = CollectDataAvgViewController;
			sourceTree = "<group>";
		};
		E9DAE3FC1BD21540001A3573 /* TerminalViewController */ = {
			isa = PBXGroup;
			children = (
				E9DAE3FD1BD21548001A3573 /* APPMTerminalViewController.h */,
				E9DAE3FE1BD21548001A3573 /* APPMTerminalViewController.m */,
			);
			path = TerminalViewController;
			sourceTree = "<group>";
		};
		E9E4D0B51BAA00F2006C96A1 /* Class */ = {
			isa = PBXGroup;
			children = (
				E9E4D0B61BAA00F2006C96A1 /* Model */,
				E9E4D0B71BAA00F2006C96A1 /* ViewController */,
			);
			path = Class;
			sourceTree = "<group>";
		};
		E9E4D0B61BAA00F2006C96A1 /* Model */ = {
			isa = PBXGroup;
			children = (
				E949D2281BAC0DDA00DDE189 /* Packet */,
			);
			path = Model;
			sourceTree = "<group>";
		};
		E9E4D0B71BAA00F2006C96A1 /* ViewController */ = {
			isa = PBXGroup;
			children = (
				E9DAE3FC1BD21540001A3573 /* TerminalViewController */,
				E9DAE3F91BD20F74001A3573 /* CollectDataAvgViewController */,
				E96D33CF1BC0CF6C008504ED /* WeatherPatternViewController */,
				E960A1A51BB2C05000F65980 /* ProgressPatternViewController */,
				E9B057761BB2B51900476249 /* SettingViewController */,
				E949D26C1BAC177200DDE189 /* PatternCollectionViewController */,
			);
			path = ViewController;
			sourceTree = "<group>";
		};
		E9E4D0B81BAA00F2006C96A1 /* Library */ = {
			isa = PBXGroup;
			children = (
				E9C849B61BAF1B6A00366674 /* APPMHousingAPIGateway */,
				E9C849B91BAF1B6A00366674 /* HousingApiLibrary */,
				E949D22D1BAC10DF00DDE189 /* APPMPixel */,
			);
			path = Library;
			sourceTree = "<group>";
		};
		E9E4D0B91BAA00F2006C96A1 /* Resource */ = {
			isa = PBXGroup;
			children = (
				E9DAE3F11BD20BB8001A3573 /* API */,
			);
			path = Resource;
			sourceTree = "<group>";
		};
/* End PBXGroup section */

/* Begin PBXNativeTarget section */
		E99E73311B8785CF00E92F21 /* PatternMaker */ = {
			isa = PBXNativeTarget;
			buildConfigurationList = E99E73551B8785CF00E92F21 /* Build configuration list for PBXNativeTarget "PatternMaker" */;
			buildPhases = (
				C8FC6F6115E101591D09CE05 /* Check Pods Manifest.lock */,
				E99E732E1B8785CF00E92F21 /* Sources */,
				E99E732F1B8785CF00E92F21 /* Frameworks */,
				E99E73301B8785CF00E92F21 /* Resources */,
				108FDB4E83708A410222DC32 /* Copy Pods Resources */,
				26B706C1A7C033A8B397E5E4 /* Embed Pods Frameworks */,
			);
			buildRules = (
			);
			dependencies = (
			);
			name = PatternMaker;
			productName = PatternMaker;
			productReference = E99E73321B8785CF00E92F21 /* PatternMaker.app */;
			productType = "com.apple.product-type.application";
		};
		E99E734A1B8785CF00E92F21 /* PatternMakerTests */ = {
			isa = PBXNativeTarget;
			buildConfigurationList = E99E73581B8785CF00E92F21 /* Build configuration list for PBXNativeTarget "PatternMakerTests" */;
			buildPhases = (
				E99E73471B8785CF00E92F21 /* Sources */,
				E99E73481B8785CF00E92F21 /* Frameworks */,
				E99E73491B8785CF00E92F21 /* Resources */,
			);
			buildRules = (
			);
			dependencies = (
				E99E734D1B8785CF00E92F21 /* PBXTargetDependency */,
			);
			name = PatternMakerTests;
			productName = PatternMakerTests;
			productReference = E99E734B1B8785CF00E92F21 /* PatternMakerTests.xctest */;
			productType = "com.apple.product-type.bundle.unit-test";
		};
/* End PBXNativeTarget section */

/* Begin PBXProject section */
		E99E732A1B8785CF00E92F21 /* Project object */ = {
			isa = PBXProject;
			attributes = {
				LastUpgradeCheck = 0700;
				ORGANIZATIONNAME = "Akira Matsuda";
				TargetAttributes = {
					E99E73311B8785CF00E92F21 = {
						CreatedOnToolsVersion = 6.4;
					};
					E99E734A1B8785CF00E92F21 = {
						CreatedOnToolsVersion = 6.4;
						TestTargetID = E99E73311B8785CF00E92F21;
					};
				};
			};
			buildConfigurationList = E99E732D1B8785CF00E92F21 /* Build configuration list for PBXProject "PatternMaker" */;
			compatibilityVersion = "Xcode 3.2";
			developmentRegion = English;
			hasScannedForEncodings = 0;
			knownRegions = (
				en,
				Base,
			);
			mainGroup = E99E73291B8785CF00E92F21;
			productRefGroup = E99E73331B8785CF00E92F21 /* Products */;
			projectDirPath = "";
			projectRoot = "";
			targets = (
				E99E73311B8785CF00E92F21 /* PatternMaker */,
				E99E734A1B8785CF00E92F21 /* PatternMakerTests */,
			);
		};
/* End PBXProject section */

/* Begin PBXResourcesBuildPhase section */
		E99E73301B8785CF00E92F21 /* Resources */ = {
			isa = PBXResourcesBuildPhase;
			buildActionMask = 2147483647;
			files = (
				E9DAE3F71BD20BB8001A3573 /* current.txt in Resources */,
				E99E73411B8785CF00E92F21 /* Main.storyboard in Resources */,
				E99E73461B8785CF00E92F21 /* LaunchScreen.xib in Resources */,
				E9DAE3FB1BD21218001A3573 /* current_down.txt in Resources */,
				E949D2751BAC17A700DDE189 /* APPMPatternCollectionCell.xib in Resources */,
				E99E73431B8785CF00E92F21 /* Images.xcassets in Resources */,
				E9DAE3F81BD20BB8001A3573 /* current.xml in Resources */,
			);
			runOnlyForDeploymentPostprocessing = 0;
		};
		E99E73491B8785CF00E92F21 /* Resources */ = {
			isa = PBXResourcesBuildPhase;
			buildActionMask = 2147483647;
			files = (
			);
			runOnlyForDeploymentPostprocessing = 0;
		};
/* End PBXResourcesBuildPhase section */

/* Begin PBXShellScriptBuildPhase section */
		108FDB4E83708A410222DC32 /* Copy Pods Resources */ = {
			isa = PBXShellScriptBuildPhase;
			buildActionMask = 2147483647;
			files = (
			);
			inputPaths = (
			);
			name = "Copy Pods Resources";
			outputPaths = (
			);
			runOnlyForDeploymentPostprocessing = 0;
			shellPath = /bin/sh;
			shellScript = "\"${SRCROOT}/Pods/Target Support Files/Pods-PatternMaker/Pods-PatternMaker-resources.sh\"\n";
			showEnvVarsInLog = 0;
		};
		26B706C1A7C033A8B397E5E4 /* Embed Pods Frameworks */ = {
			isa = PBXShellScriptBuildPhase;
			buildActionMask = 2147483647;
			files = (
			);
			inputPaths = (
			);
			name = "Embed Pods Frameworks";
			outputPaths = (
			);
			runOnlyForDeploymentPostprocessing = 0;
			shellPath = /bin/sh;
			shellScript = "\"${SRCROOT}/Pods/Target Support Files/Pods-PatternMaker/Pods-PatternMaker-frameworks.sh\"\n";
			showEnvVarsInLog = 0;
		};
		C8FC6F6115E101591D09CE05 /* Check Pods Manifest.lock */ = {
			isa = PBXShellScriptBuildPhase;
			buildActionMask = 2147483647;
			files = (
			);
			inputPaths = (
			);
			name = "Check Pods Manifest.lock";
			outputPaths = (
			);
			runOnlyForDeploymentPostprocessing = 0;
			shellPath = /bin/sh;
			shellScript = "diff \"${PODS_ROOT}/../Podfile.lock\" \"${PODS_ROOT}/Manifest.lock\" > /dev/null\nif [[ $? != 0 ]] ; then\n    cat << EOM\nerror: The sandbox is not in sync with the Podfile.lock. Run 'pod install' or update your CocoaPods installation.\nEOM\n    exit 1\nfi\n";
			showEnvVarsInLog = 0;
		};
/* End PBXShellScriptBuildPhase section */

/* Begin PBXSourcesBuildPhase section */
		E99E732E1B8785CF00E92F21 /* Sources */ = {
			isa = PBXSourcesBuildPhase;
			buildActionMask = 2147483647;
			files = (
				E96D33D21BC0CF84008504ED /* APPMWeatherPatternViewController.m in Sources */,
				E960A1A81BB2C05000F65980 /* APPMProgressPatternViewController.m in Sources */,
				E9DAE3FF1BD21548001A3573 /* APPMTerminalViewController.m in Sources */,
				E949D22B1BAC0DE900DDE189 /* APPMPacket.m in Sources */,
				E9DC798B1BD5991300C1E428 /* APPMCollectDataAvgViewController.m in Sources */,
				E9B057791BB2B52B00476249 /* APPMSettingViewController.m in Sources */,
				E949D2741BAC17A700DDE189 /* APPMPatternCollectionCell.m in Sources */,
				E99E733B1B8785CF00E92F21 /* AppDelegate.m in Sources */,
				E949D2301BAC10E400DDE189 /* APPMPixel.m in Sources */,
				E949D26F1BAC177D00DDE189 /* APPMPatternCollectionViewController.m in Sources */,
				E99E73381B8785CF00E92F21 /* main.m in Sources */,
				E9C849BE1BAF1B6A00366674 /* APPMHousingAPIGateway.m in Sources */,
			);
			runOnlyForDeploymentPostprocessing = 0;
		};
		E99E73471B8785CF00E92F21 /* Sources */ = {
			isa = PBXSourcesBuildPhase;
			buildActionMask = 2147483647;
			files = (
				E99E73521B8785CF00E92F21 /* PatternMakerTests.m in Sources */,
			);
			runOnlyForDeploymentPostprocessing = 0;
		};
/* End PBXSourcesBuildPhase section */

/* Begin PBXTargetDependency section */
		E99E734D1B8785CF00E92F21 /* PBXTargetDependency */ = {
			isa = PBXTargetDependency;
			target = E99E73311B8785CF00E92F21 /* PatternMaker */;
			targetProxy = E99E734C1B8785CF00E92F21 /* PBXContainerItemProxy */;
		};
/* End PBXTargetDependency section */

/* Begin PBXVariantGroup section */
		E99E733F1B8785CF00E92F21 /* Main.storyboard */ = {
			isa = PBXVariantGroup;
			children = (
				E99E73401B8785CF00E92F21 /* Base */,
			);
			name = Main.storyboard;
			sourceTree = "<group>";
		};
		E99E73441B8785CF00E92F21 /* LaunchScreen.xib */ = {
			isa = PBXVariantGroup;
			children = (
				E99E73451B8785CF00E92F21 /* Base */,
			);
			name = LaunchScreen.xib;
			sourceTree = "<group>";
		};
/* End PBXVariantGroup section */

/* Begin XCBuildConfiguration section */
		E99E73531B8785CF00E92F21 /* Debug */ = {
			isa = XCBuildConfiguration;
			buildSettings = {
				ALWAYS_SEARCH_USER_PATHS = NO;
				CLANG_CXX_LANGUAGE_STANDARD = "gnu++0x";
				CLANG_CXX_LIBRARY = "libc++";
				CLANG_ENABLE_MODULES = YES;
				CLANG_ENABLE_OBJC_ARC = YES;
				CLANG_WARN_BOOL_CONVERSION = YES;
				CLANG_WARN_CONSTANT_CONVERSION = YES;
				CLANG_WARN_DIRECT_OBJC_ISA_USAGE = YES_ERROR;
				CLANG_WARN_EMPTY_BODY = YES;
				CLANG_WARN_ENUM_CONVERSION = YES;
				CLANG_WARN_INT_CONVERSION = YES;
				CLANG_WARN_OBJC_ROOT_CLASS = YES_ERROR;
				CLANG_WARN_UNREACHABLE_CODE = YES;
				CLANG_WARN__DUPLICATE_METHOD_MATCH = YES;
				"CODE_SIGN_IDENTITY[sdk=iphoneos*]" = "iPhone Developer";
				COPY_PHASE_STRIP = NO;
				DEBUG_INFORMATION_FORMAT = "dwarf-with-dsym";
				ENABLE_STRICT_OBJC_MSGSEND = YES;
				ENABLE_TESTABILITY = YES;
				GCC_C_LANGUAGE_STANDARD = gnu99;
				GCC_DYNAMIC_NO_PIC = NO;
				GCC_NO_COMMON_BLOCKS = YES;
				GCC_OPTIMIZATION_LEVEL = 0;
				GCC_PREPROCESSOR_DEFINITIONS = (
					"DEBUG=1",
					"$(inherited)",
				);
				GCC_SYMBOLS_PRIVATE_EXTERN = NO;
				GCC_WARN_64_TO_32_BIT_CONVERSION = YES;
				GCC_WARN_ABOUT_RETURN_TYPE = YES_ERROR;
				GCC_WARN_UNDECLARED_SELECTOR = YES;
				GCC_WARN_UNINITIALIZED_AUTOS = YES_AGGRESSIVE;
				GCC_WARN_UNUSED_FUNCTION = YES;
				GCC_WARN_UNUSED_VARIABLE = YES;
				IPHONEOS_DEPLOYMENT_TARGET = 8.4;
				MTL_ENABLE_DEBUG_INFO = YES;
				ONLY_ACTIVE_ARCH = YES;
				SDKROOT = iphoneos;
				TARGETED_DEVICE_FAMILY = "1,2";
			};
			name = Debug;
		};
		E99E73541B8785CF00E92F21 /* Release */ = {
			isa = XCBuildConfiguration;
			buildSettings = {
				ALWAYS_SEARCH_USER_PATHS = NO;
				CLANG_CXX_LANGUAGE_STANDARD = "gnu++0x";
				CLANG_CXX_LIBRARY = "libc++";
				CLANG_ENABLE_MODULES = YES;
				CLANG_ENABLE_OBJC_ARC = YES;
				CLANG_WARN_BOOL_CONVERSION = YES;
				CLANG_WARN_CONSTANT_CONVERSION = YES;
				CLANG_WARN_DIRECT_OBJC_ISA_USAGE = YES_ERROR;
				CLANG_WARN_EMPTY_BODY = YES;
				CLANG_WARN_ENUM_CONVERSION = YES;
				CLANG_WARN_INT_CONVERSION = YES;
				CLANG_WARN_OBJC_ROOT_CLASS = YES_ERROR;
				CLANG_WARN_UNREACHABLE_CODE = YES;
				CLANG_WARN__DUPLICATE_METHOD_MATCH = YES;
				"CODE_SIGN_IDENTITY[sdk=iphoneos*]" = "iPhone Developer";
				COPY_PHASE_STRIP = NO;
				DEBUG_INFORMATION_FORMAT = "dwarf-with-dsym";
				ENABLE_NS_ASSERTIONS = NO;
				ENABLE_STRICT_OBJC_MSGSEND = YES;
				GCC_C_LANGUAGE_STANDARD = gnu99;
				GCC_NO_COMMON_BLOCKS = YES;
				GCC_WARN_64_TO_32_BIT_CONVERSION = YES;
				GCC_WARN_ABOUT_RETURN_TYPE = YES_ERROR;
				GCC_WARN_UNDECLARED_SELECTOR = YES;
				GCC_WARN_UNINITIALIZED_AUTOS = YES_AGGRESSIVE;
				GCC_WARN_UNUSED_FUNCTION = YES;
				GCC_WARN_UNUSED_VARIABLE = YES;
				IPHONEOS_DEPLOYMENT_TARGET = 8.4;
				MTL_ENABLE_DEBUG_INFO = NO;
				SDKROOT = iphoneos;
				TARGETED_DEVICE_FAMILY = "1,2";
				VALIDATE_PRODUCT = YES;
			};
			name = Release;
		};
		E99E73561B8785CF00E92F21 /* Debug */ = {
			isa = XCBuildConfiguration;
			baseConfigurationReference = 0BEE3BB05493C5EDD31EB9CF /* Pods-PatternMaker.debug.xcconfig */;
			buildSettings = {
				ASSETCATALOG_COMPILER_APPICON_NAME = AppIcon;
				ENABLE_BITCODE = NO;
				INFOPLIST_FILE = PatternMaker/Info.plist;
				LD_RUNPATH_SEARCH_PATHS = "$(inherited) @executable_path/Frameworks";
				LIBRARY_SEARCH_PATHS = (
					"$(inherited)",
					"$(PROJECT_DIR)/PatternMaker/Library/HousingApiLibrary",
				);
				PRODUCT_BUNDLE_IDENTIFIER = "com.akira.matsuda.$(PRODUCT_NAME:rfc1034identifier)";
				PRODUCT_NAME = "$(TARGET_NAME)";
			};
			name = Debug;
		};
		E99E73571B8785CF00E92F21 /* Release */ = {
			isa = XCBuildConfiguration;
			baseConfigurationReference = D3B8A3466FCD7BBF2F66BA1A /* Pods-PatternMaker.release.xcconfig */;
			buildSettings = {
				ASSETCATALOG_COMPILER_APPICON_NAME = AppIcon;
				ENABLE_BITCODE = NO;
				INFOPLIST_FILE = PatternMaker/Info.plist;
				LD_RUNPATH_SEARCH_PATHS = "$(inherited) @executable_path/Frameworks";
				LIBRARY_SEARCH_PATHS = (
					"$(inherited)",
					"$(PROJECT_DIR)/PatternMaker/Library/HousingApiLibrary",
				);
				PRODUCT_BUNDLE_IDENTIFIER = "com.akira.matsuda.$(PRODUCT_NAME:rfc1034identifier)";
				PRODUCT_NAME = "$(TARGET_NAME)";
			};
			name = Release;
		};
		E99E73591B8785CF00E92F21 /* Debug */ = {
			isa = XCBuildConfiguration;
			buildSettings = {
				BUNDLE_LOADER = "$(TEST_HOST)";
				FRAMEWORK_SEARCH_PATHS = (
					"$(SDKROOT)/Developer/Library/Frameworks",
					"$(inherited)",
				);
				GCC_PREPROCESSOR_DEFINITIONS = (
					"DEBUG=1",
					"$(inherited)",
				);
				INFOPLIST_FILE = PatternMakerTests/Info.plist;
				LD_RUNPATH_SEARCH_PATHS = "$(inherited) @executable_path/Frameworks @loader_path/Frameworks";
				PRODUCT_BUNDLE_IDENTIFIER = "com.akira.matsuda.$(PRODUCT_NAME:rfc1034identifier)";
				PRODUCT_NAME = "$(TARGET_NAME)";
				TEST_HOST = "$(BUILT_PRODUCTS_DIR)/PatternMaker.app/PatternMaker";
			};
			name = Debug;
		};
		E99E735A1B8785CF00E92F21 /* Release */ = {
			isa = XCBuildConfiguration;
			buildSettings = {
				BUNDLE_LOADER = "$(TEST_HOST)";
				FRAMEWORK_SEARCH_PATHS = (
					"$(SDKROOT)/Developer/Library/Frameworks",
					"$(inherited)",
				);
				INFOPLIST_FILE = PatternMakerTests/Info.plist;
				LD_RUNPATH_SEARCH_PATHS = "$(inherited) @executable_path/Frameworks @loader_path/Frameworks";
				PRODUCT_BUNDLE_IDENTIFIER = "com.akira.matsuda.$(PRODUCT_NAME:rfc1034identifier)";
				PRODUCT_NAME = "$(TARGET_NAME)";
				TEST_HOST = "$(BUILT_PRODUCTS_DIR)/PatternMaker.app/PatternMaker";
			};
			name = Release;
		};
/* End XCBuildConfiguration section */

/* Begin XCConfigurationList section */
		E99E732D1B8785CF00E92F21 /* Build configuration list for PBXProject "PatternMaker" */ = {
			isa = XCConfigurationList;
			buildConfigurations = (
				E99E73531B8785CF00E92F21 /* Debug */,
				E99E73541B8785CF00E92F21 /* Release */,
			);
			defaultConfigurationIsVisible = 0;
			defaultConfigurationName = Release;
		};
		E99E73551B8785CF00E92F21 /* Build configuration list for PBXNativeTarget "PatternMaker" */ = {
			isa = XCConfigurationList;
			buildConfigurations = (
				E99E73561B8785CF00E92F21 /* Debug */,
				E99E73571B8785CF00E92F21 /* Release */,
			);
			defaultConfigurationIsVisible = 0;
			defaultConfigurationName = Release;
		};
		E99E73581B8785CF00E92F21 /* Build configuration list for PBXNativeTarget "PatternMakerTests" */ = {
			isa = XCConfigurationList;
			buildConfigurations = (
				E99E73591B8785CF00E92F21 /* Debug */,
				E99E735A1B8785CF00E92F21 /* Release */,
			);
			defaultConfigurationIsVisible = 0;
			defaultConfigurationName = Release;
		};
/* End XCConfigurationList section */
	};
	rootObject = E99E732A1B8785CF00E92F21 /* Project object */;
}
